// !$*UTF8*$!
{
	archiveVersion = 1;
	classes = {
	};
	objectVersion = 56;
	objects = {

/* Begin PBXBuildFile section */
		841788AF298E4E8C009818F4 /* MenuItemRow.swift in Sources */ = {isa = PBXBuildFile; fileRef = 841788AE298E4E8C009818F4 /* MenuItemRow.swift */; };
		841788B1298E5898009818F4 /* Categories.swift in Sources */ = {isa = PBXBuildFile; fileRef = 841788B0298E5898009818F4 /* Categories.swift */; };
		846E2998298E361F00659A05 /* LittleLemonModal.swift in Sources */ = {isa = PBXBuildFile; fileRef = 846E2997298E361F00659A05 /* LittleLemonModal.swift */; };
		84A00D502988E09F00EC019F /* RestaurantApp.swift in Sources */ = {isa = PBXBuildFile; fileRef = 84A00D4F2988E09F00EC019F /* RestaurantApp.swift */; };
		84A00D542988E0A000EC019F /* Assets.xcassets in Resources */ = {isa = PBXBuildFile; fileRef = 84A00D532988E0A000EC019F /* Assets.xcassets */; };
		84A00D572988E0A000EC019F /* Preview Assets.xcassets in Resources */ = {isa = PBXBuildFile; fileRef = 84A00D562988E0A000EC019F /* Preview Assets.xcassets */; };
		84A00D5E2988E93B00EC019F /* Onboarding.swift in Sources */ = {isa = PBXBuildFile; fileRef = 84A00D5D2988E93B00EC019F /* Onboarding.swift */; };
		84A00D612988F17E00EC019F /* StringExtensions.swift in Sources */ = {isa = PBXBuildFile; fileRef = 84A00D602988F17E00EC019F /* StringExtensions.swift */; };
		84A00D632988F35D00EC019F /* Home.swift in Sources */ = {isa = PBXBuildFile; fileRef = 84A00D622988F35D00EC019F /* Home.swift */; };
		84A00D652988F3DC00EC019F /* Menu.swift in Sources */ = {isa = PBXBuildFile; fileRef = 84A00D642988F3DC00EC019F /* Menu.swift */; };
		84B0A49E298F7C2700529F07 /* Address.swift in Sources */ = {isa = PBXBuildFile; fileRef = 84B0A49D298F7C2700529F07 /* Address.swift */; };
		84B0A4A0298F89B300529F07 /* ThankYou.swift in Sources */ = {isa = PBXBuildFile; fileRef = 84B0A49F298F89B300529F07 /* ThankYou.swift */; };
		84E15D95298B126C00DEF916 /* UserProfile.swift in Sources */ = {isa = PBXBuildFile; fileRef = 84E15D94298B126C00DEF916 /* UserProfile.swift */; };
		84E7C9BA298DD1290062D361 /* FetchedObjects.swift in Sources */ = {isa = PBXBuildFile; fileRef = 84E7C9B8298DD1290062D361 /* FetchedObjects.swift */; };
		84E7C9BB298DD1290062D361 /* Persistence.swift in Sources */ = {isa = PBXBuildFile; fileRef = 84E7C9B9298DD1290062D361 /* Persistence.swift */; };
		84E7C9BD298DD19E0062D361 /* MenuList.swift in Sources */ = {isa = PBXBuildFile; fileRef = 84E7C9BC298DD19E0062D361 /* MenuList.swift */; };
		84E7C9BF298DD1AE0062D361 /* MenuItem.swift in Sources */ = {isa = PBXBuildFile; fileRef = 84E7C9BE298DD1AE0062D361 /* MenuItem.swift */; };
		84E7C9C2298DDC680062D361 /* ExampleDatabase.xcdatamodeld in Sources */ = {isa = PBXBuildFile; fileRef = 84E7C9C0298DDC680062D361 /* ExampleDatabase.xcdatamodeld */; };
/* End PBXBuildFile section */

/* Begin PBXFileReference section */
		841788AE298E4E8C009818F4 /* MenuItemRow.swift */ = {isa = PBXFileReference; lastKnownFileType = sourcecode.swift; path = MenuItemRow.swift; sourceTree = "<group>"; };
		841788B0298E5898009818F4 /* Categories.swift */ = {isa = PBXFileReference; lastKnownFileType = sourcecode.swift; path = Categories.swift; sourceTree = "<group>"; };
		846E2997298E361F00659A05 /* LittleLemonModal.swift */ = {isa = PBXFileReference; lastKnownFileType = sourcecode.swift; path = LittleLemonModal.swift; sourceTree = "<group>"; };
		84A00D4C2988E09F00EC019F /* Restaurant.app */ = {isa = PBXFileReference; explicitFileType = wrapper.application; includeInIndex = 0; path = Restaurant.app; sourceTree = BUILT_PRODUCTS_DIR; };
		84A00D4F2988E09F00EC019F /* RestaurantApp.swift */ = {isa = PBXFileReference; lastKnownFileType = sourcecode.swift; path = RestaurantApp.swift; sourceTree = "<group>"; };
		84A00D532988E0A000EC019F /* Assets.xcassets */ = {isa = PBXFileReference; lastKnownFileType = folder.assetcatalog; path = Assets.xcassets; sourceTree = "<group>"; };
		84A00D562988E0A000EC019F /* Preview Assets.xcassets */ = {isa = PBXFileReference; lastKnownFileType = folder.assetcatalog; path = "Preview Assets.xcassets"; sourceTree = "<group>"; };
		84A00D5D2988E93B00EC019F /* Onboarding.swift */ = {isa = PBXFileReference; lastKnownFileType = sourcecode.swift; path = Onboarding.swift; sourceTree = "<group>"; };
		84A00D602988F17E00EC019F /* StringExtensions.swift */ = {isa = PBXFileReference; lastKnownFileType = sourcecode.swift; path = StringExtensions.swift; sourceTree = "<group>"; };
		84A00D622988F35D00EC019F /* Home.swift */ = {isa = PBXFileReference; lastKnownFileType = sourcecode.swift; path = Home.swift; sourceTree = "<group>"; };
		84A00D642988F3DC00EC019F /* Menu.swift */ = {isa = PBXFileReference; lastKnownFileType = sourcecode.swift; path = Menu.swift; sourceTree = "<group>"; };
		84B0A49D298F7C2700529F07 /* Address.swift */ = {isa = PBXFileReference; lastKnownFileType = sourcecode.swift; path = Address.swift; sourceTree = "<group>"; };
		84B0A49F298F89B300529F07 /* ThankYou.swift */ = {isa = PBXFileReference; lastKnownFileType = sourcecode.swift; path = ThankYou.swift; sourceTree = "<group>"; };
		84E15D94298B126C00DEF916 /* UserProfile.swift */ = {isa = PBXFileReference; lastKnownFileType = sourcecode.swift; path = UserProfile.swift; sourceTree = "<group>"; };
		84E7C9B8298DD1290062D361 /* FetchedObjects.swift */ = {isa = PBXFileReference; fileEncoding = 4; lastKnownFileType = sourcecode.swift; path = FetchedObjects.swift; sourceTree = "<group>"; };
		84E7C9B9298DD1290062D361 /* Persistence.swift */ = {isa = PBXFileReference; fileEncoding = 4; lastKnownFileType = sourcecode.swift; path = Persistence.swift; sourceTree = "<group>"; };
		84E7C9BC298DD19E0062D361 /* MenuList.swift */ = {isa = PBXFileReference; lastKnownFileType = sourcecode.swift; path = MenuList.swift; sourceTree = "<group>"; };
		84E7C9BE298DD1AE0062D361 /* MenuItem.swift */ = {isa = PBXFileReference; lastKnownFileType = sourcecode.swift; path = MenuItem.swift; sourceTree = "<group>"; };
		84E7C9C1298DDC680062D361 /* ExampleDatabase.xcdatamodel */ = {isa = PBXFileReference; lastKnownFileType = wrapper.xcdatamodel; path = ExampleDatabase.xcdatamodel; sourceTree = "<group>"; };
/* End PBXFileReference section */

/* Begin PBXFrameworksBuildPhase section */
		84A00D492988E09F00EC019F /* Frameworks */ = {
			isa = PBXFrameworksBuildPhase;
			buildActionMask = 2147483647;
			files = (
			);
			runOnlyForDeploymentPostprocessing = 0;
		};
/* End PBXFrameworksBuildPhase section */

/* Begin PBXGroup section */
		846E2994298E352500659A05 /* Models */ = {
			isa = PBXGroup;
			children = (
				84E7C9BE298DD1AE0062D361 /* MenuItem.swift */,
				84E7C9BC298DD19E0062D361 /* MenuList.swift */,
			);
			path = Models;
			sourceTree = "<group>";
		};
		846E2995298E359400659A05 /* Core Data Controllers */ = {
			isa = PBXGroup;
			children = (
				84E7C9B9298DD1290062D361 /* Persistence.swift */,
				84E7C9B8298DD1290062D361 /* FetchedObjects.swift */,
			);
			path = "Core Data Controllers";
			sourceTree = "<group>";
		};
		846E2996298E360A00659A05 /* View Components */ = {
			isa = PBXGroup;
			children = (
				846E2997298E361F00659A05 /* LittleLemonModal.swift */,
				841788AE298E4E8C009818F4 /* MenuItemRow.swift */,
				841788B0298E5898009818F4 /* Categories.swift */,
			);
			path = "View Components";
			sourceTree = "<group>";
		};
		846E2999298E36B700659A05 /* ViewModels */ = {
			isa = PBXGroup;
			children = (
				84A00D5D2988E93B00EC019F /* Onboarding.swift */,
				84B0A49D298F7C2700529F07 /* Address.swift */,
				84A00D622988F35D00EC019F /* Home.swift */,
				84A00D642988F3DC00EC019F /* Menu.swift */,
				84E15D94298B126C00DEF916 /* UserProfile.swift */,
				84B0A49F298F89B300529F07 /* ThankYou.swift */,
			);
			path = ViewModels;
			sourceTree = "<group>";
		};
		84A00D432988E09F00EC019F = {
			isa = PBXGroup;
			children = (
				84A00D4E2988E09F00EC019F /* Restaurant */,
				84A00D4D2988E09F00EC019F /* Products */,
			);
			sourceTree = "<group>";
		};
		84A00D4D2988E09F00EC019F /* Products */ = {
			isa = PBXGroup;
			children = (
				84A00D4C2988E09F00EC019F /* Restaurant.app */,
			);
			name = Products;
			sourceTree = "<group>";
		};
		84A00D4E2988E09F00EC019F /* Restaurant */ = {
			isa = PBXGroup;
			children = (
				846E2999298E36B700659A05 /* ViewModels */,
				846E2996298E360A00659A05 /* View Components */,
				846E2995298E359400659A05 /* Core Data Controllers */,
				846E2994298E352500659A05 /* Models */,
				84A00D5F2988F16D00EC019F /* Extensions */,
				84A00D4F2988E09F00EC019F /* RestaurantApp.swift */,
				84A00D532988E0A000EC019F /* Assets.xcassets */,
				84A00D552988E0A000EC019F /* Preview Content */,
				84E7C9C0298DDC680062D361 /* ExampleDatabase.xcdatamodeld */,
			);
			path = Restaurant;
			sourceTree = "<group>";
		};
		84A00D552988E0A000EC019F /* Preview Content */ = {
			isa = PBXGroup;
			children = (
				84A00D562988E0A000EC019F /* Preview Assets.xcassets */,
			);
			path = "Preview Content";
			sourceTree = "<group>";
		};
		84A00D5F2988F16D00EC019F /* Extensions */ = {
			isa = PBXGroup;
			children = (
				84A00D602988F17E00EC019F /* StringExtensions.swift */,
			);
			path = Extensions;
			sourceTree = "<group>";
		};
/* End PBXGroup section */

/* Begin PBXNativeTarget section */
		84A00D4B2988E09F00EC019F /* Restaurant */ = {
			isa = PBXNativeTarget;
			buildConfigurationList = 84A00D5A2988E0A000EC019F /* Build configuration list for PBXNativeTarget "Restaurant" */;
			buildPhases = (
				84A00D482988E09F00EC019F /* Sources */,
				84A00D492988E09F00EC019F /* Frameworks */,
				84A00D4A2988E09F00EC019F /* Resources */,
			);
			buildRules = (
			);
			dependencies = (
			);
			name = Restaurant;
			productName = Restaurant;
			productReference = 84A00D4C2988E09F00EC019F /* Restaurant.app */;
			productType = "com.apple.product-type.application";
		};
/* End PBXNativeTarget section */

/* Begin PBXProject section */
		84A00D442988E09F00EC019F /* Project object */ = {
			isa = PBXProject;
			attributes = {
				BuildIndependentTargetsInParallel = 1;
				LastSwiftUpdateCheck = 1400;
				LastUpgradeCheck = 1400;
				TargetAttributes = {
					84A00D4B2988E09F00EC019F = {
						CreatedOnToolsVersion = 14.0.1;
					};
				};
			};
			buildConfigurationList = 84A00D472988E09F00EC019F /* Build configuration list for PBXProject "Restaurant" */;
			compatibilityVersion = "Xcode 14.0";
			developmentRegion = en;
			hasScannedForEncodings = 0;
			knownRegions = (
				en,
				Base,
			);
			mainGroup = 84A00D432988E09F00EC019F;
			productRefGroup = 84A00D4D2988E09F00EC019F /* Products */;
			projectDirPath = "";
			projectRoot = "";
			targets = (
				84A00D4B2988E09F00EC019F /* Restaurant */,
			);
		};
/* End PBXProject section */

/* Begin PBXResourcesBuildPhase section */
		84A00D4A2988E09F00EC019F /* Resources */ = {
			isa = PBXResourcesBuildPhase;
			buildActionMask = 2147483647;
			files = (
				84A00D572988E0A000EC019F /* Preview Assets.xcassets in Resources */,
				84A00D542988E0A000EC019F /* Assets.xcassets in Resources */,
			);
			runOnlyForDeploymentPostprocessing = 0;
		};
/* End PBXResourcesBuildPhase section */

/* Begin PBXSourcesBuildPhase section */
		84A00D482988E09F00EC019F /* Sources */ = {
			isa = PBXSourcesBuildPhase;
			buildActionMask = 2147483647;
			files = (
				84E7C9BB298DD1290062D361 /* Persistence.swift in Sources */,
				841788B1298E5898009818F4 /* Categories.swift in Sources */,
				84A00D652988F3DC00EC019F /* Menu.swift in Sources */,
				84A00D612988F17E00EC019F /* StringExtensions.swift in Sources */,
				84A00D5E2988E93B00EC019F /* Onboarding.swift in Sources */,
				84E7C9BA298DD1290062D361 /* FetchedObjects.swift in Sources */,
				84E15D95298B126C00DEF916 /* UserProfile.swift in Sources */,
				84A00D632988F35D00EC019F /* Home.swift in Sources */,
				846E2998298E361F00659A05 /* LittleLemonModal.swift in Sources */,
				84B0A49E298F7C2700529F07 /* Address.swift in Sources */,
				84E7C9BF298DD1AE0062D361 /* MenuItem.swift in Sources */,
				84E7C9C2298DDC680062D361 /* ExampleDatabase.xcdatamodeld in Sources */,
				84B0A4A0298F89B300529F07 /* ThankYou.swift in Sources */,
				841788AF298E4E8C009818F4 /* MenuItemRow.swift in Sources */,
				84E7C9BD298DD19E0062D361 /* MenuList.swift in Sources */,
				84A00D502988E09F00EC019F /* RestaurantApp.swift in Sources */,
			);
			runOnlyForDeploymentPostprocessing = 0;
		};
/* End PBXSourcesBuildPhase section */

/* Begin XCBuildConfiguration section */
		84A00D582988E0A000EC019F /* Debug */ = {
			isa = XCBuildConfiguration;
			buildSettings = {
				ALWAYS_SEARCH_USER_PATHS = NO;
				CLANG_ANALYZER_NONNULL = YES;
				CLANG_ANALYZER_NUMBER_OBJECT_CONVERSION = YES_AGGRESSIVE;
				CLANG_CXX_LANGUAGE_STANDARD = "gnu++20";
				CLANG_ENABLE_MODULES = YES;
				CLANG_ENABLE_OBJC_ARC = YES;
				CLANG_ENABLE_OBJC_WEAK = YES;
				CLANG_WARN_BLOCK_CAPTURE_AUTORELEASING = YES;
				CLANG_WARN_BOOL_CONVERSION = YES;
				CLANG_WARN_COMMA = YES;
				CLANG_WARN_CONSTANT_CONVERSION = YES;
				CLANG_WARN_DEPRECATED_OBJC_IMPLEMENTATIONS = YES;
				CLANG_WARN_DIRECT_OBJC_ISA_USAGE = YES_ERROR;
				CLANG_WARN_DOCUMENTATION_COMMENTS = YES;
				CLANG_WARN_EMPTY_BODY = YES;
				CLANG_WARN_ENUM_CONVERSION = YES;
				CLANG_WARN_INFINITE_RECURSION = YES;
				CLANG_WARN_INT_CONVERSION = YES;
				CLANG_WARN_NON_LITERAL_NULL_CONVERSION = YES;
				CLANG_WARN_OBJC_IMPLICIT_RETAIN_SELF = YES;
				CLANG_WARN_OBJC_LITERAL_CONVERSION = YES;
				CLANG_WARN_OBJC_ROOT_CLASS = YES_ERROR;
				CLANG_WARN_QUOTED_INCLUDE_IN_FRAMEWORK_HEADER = YES;
				CLANG_WARN_RANGE_LOOP_ANALYSIS = YES;
				CLANG_WARN_STRICT_PROTOTYPES = YES;
				CLANG_WARN_SUSPICIOUS_MOVE = YES;
				CLANG_WARN_UNGUARDED_AVAILABILITY = YES_AGGRESSIVE;
				CLANG_WARN_UNREACHABLE_CODE = YES;
				CLANG_WARN__DUPLICATE_METHOD_MATCH = YES;
				COPY_PHASE_STRIP = NO;
				DEBUG_INFORMATION_FORMAT = dwarf;
				ENABLE_STRICT_OBJC_MSGSEND = YES;
				ENABLE_TESTABILITY = YES;
				GCC_C_LANGUAGE_STANDARD = gnu11;
				GCC_DYNAMIC_NO_PIC = NO;
				GCC_NO_COMMON_BLOCKS = YES;
				GCC_OPTIMIZATION_LEVEL = 0;
				GCC_PREPROCESSOR_DEFINITIONS = (
					"DEBUG=1",
					"$(inherited)",
				);
				GCC_WARN_64_TO_32_BIT_CONVERSION = YES;
				GCC_WARN_ABOUT_RETURN_TYPE = YES_ERROR;
				GCC_WARN_UNDECLARED_SELECTOR = YES;
				GCC_WARN_UNINITIALIZED_AUTOS = YES_AGGRESSIVE;
				GCC_WARN_UNUSED_FUNCTION = YES;
				GCC_WARN_UNUSED_VARIABLE = YES;
				IPHONEOS_DEPLOYMENT_TARGET = 16.0;
				MTL_ENABLE_DEBUG_INFO = INCLUDE_SOURCE;
				MTL_FAST_MATH = YES;
				ONLY_ACTIVE_ARCH = YES;
				SDKROOT = iphoneos;
				SWIFT_ACTIVE_COMPILATION_CONDITIONS = DEBUG;
				SWIFT_OPTIMIZATION_LEVEL = "-Onone";
			};
			name = Debug;
		};
		84A00D592988E0A000EC019F /* Release */ = {
			isa = XCBuildConfiguration;
			buildSettings = {
				ALWAYS_SEARCH_USER_PATHS = NO;
				CLANG_ANALYZER_NONNULL = YES;
				CLANG_ANALYZER_NUMBER_OBJECT_CONVERSION = YES_AGGRESSIVE;
				CLANG_CXX_LANGUAGE_STANDARD = "gnu++20";
				CLANG_ENABLE_MODULES = YES;
				CLANG_ENABLE_OBJC_ARC = YES;
				CLANG_ENABLE_OBJC_WEAK = YES;
				CLANG_WARN_BLOCK_CAPTURE_AUTORELEASING = YES;
				CLANG_WARN_BOOL_CONVERSION = YES;
				CLANG_WARN_COMMA = YES;
				CLANG_WARN_CONSTANT_CONVERSION = YES;
				CLANG_WARN_DEPRECATED_OBJC_IMPLEMENTATIONS = YES;
				CLANG_WARN_DIRECT_OBJC_ISA_USAGE = YES_ERROR;
				CLANG_WARN_DOCUMENTATION_COMMENTS = YES;
				CLANG_WARN_EMPTY_BODY = YES;
				CLANG_WARN_ENUM_CONVERSION = YES;
				CLANG_WARN_INFINITE_RECURSION = YES;
				CLANG_WARN_INT_CONVERSION = YES;
				CLANG_WARN_NON_LITERAL_NULL_CONVERSION = YES;
				CLANG_WARN_OBJC_IMPLICIT_RETAIN_SELF = YES;
				CLANG_WARN_OBJC_LITERAL_CONVERSION = YES;
				CLANG_WARN_OBJC_ROOT_CLASS = YES_ERROR;
				CLANG_WARN_QUOTED_INCLUDE_IN_FRAMEWORK_HEADER = YES;
				CLANG_WARN_RANGE_LOOP_ANALYSIS = YES;
				CLANG_WARN_STRICT_PROTOTYPES = YES;
				CLANG_WARN_SUSPICIOUS_MOVE = YES;
				CLANG_WARN_UNGUARDED_AVAILABILITY = YES_AGGRESSIVE;
				CLANG_WARN_UNREACHABLE_CODE = YES;
				CLANG_WARN__DUPLICATE_METHOD_MATCH = YES;
				COPY_PHASE_STRIP = NO;
				DEBUG_INFORMATION_FORMAT = "dwarf-with-dsym";
				ENABLE_NS_ASSERTIONS = NO;
				ENABLE_STRICT_OBJC_MSGSEND = YES;
				GCC_C_LANGUAGE_STANDARD = gnu11;
				GCC_NO_COMMON_BLOCKS = YES;
				GCC_WARN_64_TO_32_BIT_CONVERSION = YES;
				GCC_WARN_ABOUT_RETURN_TYPE = YES_ERROR;
				GCC_WARN_UNDECLARED_SELECTOR = YES;
				GCC_WARN_UNINITIALIZED_AUTOS = YES_AGGRESSIVE;
				GCC_WARN_UNUSED_FUNCTION = YES;
				GCC_WARN_UNUSED_VARIABLE = YES;
				IPHONEOS_DEPLOYMENT_TARGET = 16.0;
				MTL_ENABLE_DEBUG_INFO = NO;
				MTL_FAST_MATH = YES;
				SDKROOT = iphoneos;
				SWIFT_COMPILATION_MODE = wholemodule;
				SWIFT_OPTIMIZATION_LEVEL = "-O";
				VALIDATE_PRODUCT = YES;
			};
			name = Release;
		};
		84A00D5B2988E0A000EC019F /* Debug */ = {
			isa = XCBuildConfiguration;
			buildSettings = {
				ASSETCATALOG_COMPILER_APPICON_NAME = AppIcon;
				ASSETCATALOG_COMPILER_GLOBAL_ACCENT_COLOR_NAME = AccentColor;
				CODE_SIGN_STYLE = Automatic;
				CURRENT_PROJECT_VERSION = 1;
				DEVELOPMENT_ASSET_PATHS = "\"Restaurant/Preview Content\"";
				ENABLE_PREVIEWS = YES;
				GENERATE_INFOPLIST_FILE = YES;
				INFOPLIST_KEY_UIApplicationSceneManifest_Generation = YES;
				INFOPLIST_KEY_UIApplicationSupportsIndirectInputEvents = YES;
				INFOPLIST_KEY_UILaunchScreen_Generation = YES;
				INFOPLIST_KEY_UISupportedInterfaceOrientations_iPad = "UIInterfaceOrientationPortrait UIInterfaceOrientationPortraitUpsideDown UIInterfaceOrientationLandscapeLeft UIInterfaceOrientationLandscapeRight";
				INFOPLIST_KEY_UISupportedInterfaceOrientations_iPhone = "UIInterfaceOrientationPortrait UIInterfaceOrientationLandscapeLeft UIInterfaceOrientationLandscapeRight";
				LD_RUNPATH_SEARCH_PATHS = (
					"$(inherited)",
					"@executable_path/Frameworks",
				);
				MARKETING_VERSION = 1.0;
				PRODUCT_BUNDLE_IDENTIFIER = com.littleLemon.Restaurant;
				PRODUCT_NAME = "$(TARGET_NAME)";
				SWIFT_EMIT_LOC_STRINGS = YES;
				SWIFT_VERSION = 5.0;
				TARGETED_DEVICE_FAMILY = "1,2";
			};
			name = Debug;
		};
		84A00D5C2988E0A000EC019F /* Release */ = {
			isa = XCBuildConfiguration;
			buildSettings = {
				ASSETCATALOG_COMPILER_APPICON_NAME = AppIcon;
				ASSETCATALOG_COMPILER_GLOBAL_ACCENT_COLOR_NAME = AccentColor;
				CODE_SIGN_STYLE = Automatic;
				CURRENT_PROJECT_VERSION = 1;
				DEVELOPMENT_ASSET_PATHS = "\"Restaurant/Preview Content\"";
				ENABLE_PREVIEWS = YES;
				GENERATE_INFOPLIST_FILE = YES;
				INFOPLIST_KEY_UIApplicationSceneManifest_Generation = YES;
				INFOPLIST_KEY_UIApplicationSupportsIndirectInputEvents = YES;
				INFOPLIST_KEY_UILaunchScreen_Generation = YES;
				INFOPLIST_KEY_UISupportedInterfaceOrientations_iPad = "UIInterfaceOrientationPortrait UIInterfaceOrientationPortraitUpsideDown UIInterfaceOrientationLandscapeLeft UIInterfaceOrientationLandscapeRight";
				INFOPLIST_KEY_UISupportedInterfaceOrientations_iPhone = "UIInterfaceOrientationPortrait UIInterfaceOrientationLandscapeLeft UIInterfaceOrientationLandscapeRight";
				LD_RUNPATH_SEARCH_PATHS = (
					"$(inherited)",
					"@executable_path/Frameworks",
				);
				MARKETING_VERSION = 1.0;
				PRODUCT_BUNDLE_IDENTIFIER = com.littleLemon.Restaurant;
				PRODUCT_NAME = "$(TARGET_NAME)";
				SWIFT_EMIT_LOC_STRINGS = YES;
				SWIFT_VERSION = 5.0;
				TARGETED_DEVICE_FAMILY = "1,2";
			};
			name = Release;
		};
/* End XCBuildConfiguration section */

/* Begin XCConfigurationList section */
		84A00D472988E09F00EC019F /* Build configuration list for PBXProject "Restaurant" */ = {
			isa = XCConfigurationList;
			buildConfigurations = (
				84A00D582988E0A000EC019F /* Debug */,
				84A00D592988E0A000EC019F /* Release */,
			);
			defaultConfigurationIsVisible = 0;
			defaultConfigurationName = Release;
		};
		84A00D5A2988E0A000EC019F /* Build configuration list for PBXNativeTarget "Restaurant" */ = {
			isa = XCConfigurationList;
			buildConfigurations = (
				84A00D5B2988E0A000EC019F /* Debug */,
				84A00D5C2988E0A000EC019F /* Release */,
			);
			defaultConfigurationIsVisible = 0;
			defaultConfigurationName = Release;
		};
/* End XCConfigurationList section */

/* Begin XCVersionGroup section */
		84E7C9C0298DDC680062D361 /* ExampleDatabase.xcdatamodeld */ = {
			isa = XCVersionGroup;
			children = (
				84E7C9C1298DDC680062D361 /* ExampleDatabase.xcdatamodel */,
			);
			currentVersion = 84E7C9C1298DDC680062D361 /* ExampleDatabase.xcdatamodel */;
			path = ExampleDatabase.xcdatamodeld;
			sourceTree = "<group>";
			versionGroupType = wrapper.xcdatamodel;
		};
/* End XCVersionGroup section */
	};
	rootObject = 84A00D442988E09F00EC019F /* Project object */;
}
